{
  "version": 4,
  "terraform_version": "1.3.7",
  "serial": 91,
  "lineage": "cc1de71d-f0c7-594b-efee-0f1156d05843",
  "outputs": {
    "floating_ip": {
      "value": "31.172.116.118",
      "type": "string"
    }
  },
  "resources": [
    {
      "module": "module.zuul_infrastructure",
      "mode": "managed",
      "type": "openstack_compute_floatingip_associate_v2",
      "name": "fip_1",
      "provider": "provider[\"registry.terraform.io/terraform-provider-openstack/openstack\"]",
      "instances": [
        {
          "schema_version": 0,
          "attributes": {
            "fixed_ip": "",
            "floating_ip": "31.172.116.118",
            "id": "31.172.116.118/6fba3b8d-1d33-4aba-9885-05ba4d036b51/",
            "instance_id": "6fba3b8d-1d33-4aba-9885-05ba4d036b51",
            "region": "MUC5",
            "timeouts": null,
            "wait_until_associated": null
          },
          "sensitive_attributes": [],
          "private": "eyJlMmJmYjczMC1lY2FhLTExZTYtOGY4OC0zNDM2M2JjN2M0YzAiOnsiY3JlYXRlIjo2MDAwMDAwMDAwMDB9fQ==",
          "dependencies": [
            "module.zuul_infrastructure.openstack_compute_instance_v2.zuul",
            "module.zuul_infrastructure.openstack_networking_floatingip_v2.fip_1",
            "module.zuul_infrastructure.openstack_networking_network_v2.zuul_network",
            "module.zuul_infrastructure.openstack_networking_secgroup_v2.zuul_secgroup"
          ]
        }
      ]
    },
    {
      "module": "module.zuul_infrastructure",
      "mode": "managed",
      "type": "openstack_compute_instance_v2",
      "name": "zuul",
      "provider": "provider[\"registry.terraform.io/terraform-provider-openstack/openstack\"]",
      "instances": [
        {
          "schema_version": 0,
          "attributes": {
            "access_ip_v4": "192.168.199.145",
            "access_ip_v6": "",
            "admin_pass": null,
            "all_metadata": {},
            "all_tags": [],
            "availability_zone": "muc5-a",
            "availability_zone_hints": null,
            "block_device": [],
            "config_drive": null,
            "created": "2023-02-01 13:54:01 +0000 UTC",
            "flavor_id": "b627e940-c150-4fe2-9e71-de5139a23204",
            "flavor_name": "SCS-4V:16:100s",
            "floating_ip": null,
            "force_delete": false,
            "id": "6fba3b8d-1d33-4aba-9885-05ba4d036b51",
            "image_id": "f7aff0ef-5b69-42c1-844d-56f57db1e44b",
            "image_name": "Ubuntu 22.04",
            "key_pair": "gonicus-bzapiec",
            "metadata": null,
            "name": "zuul",
            "network": [
              {
                "access_network": false,
                "fixed_ip_v4": "192.168.199.145",
                "fixed_ip_v6": "",
                "floating_ip": "",
                "mac": "fa:16:3e:de:f2:bc",
                "name": "zuul_network",
                "port": "",
                "uuid": "d0066fed-85bc-4bba-9eb6-c79aab69b953"
              }
            ],
            "network_mode": null,
            "personality": [],
            "power_state": "active",
            "region": "MUC5",
            "scheduler_hints": [],
            "security_groups": [
              "47e18b9e-c0da-41a5-9f34-4c4c9742cfaa"
            ],
            "stop_before_destroy": false,
            "tags": [],
            "timeouts": null,
            "updated": "2023-02-01 13:54:11 +0000 UTC",
            "user_data": null,
            "vendor_options": [],
            "volume": []
          },
          "sensitive_attributes": [],
          "private": "eyJlMmJmYjczMC1lY2FhLTExZTYtOGY4OC0zNDM2M2JjN2M0YzAiOnsiY3JlYXRlIjoxODAwMDAwMDAwMDAwLCJkZWxldGUiOjE4MDAwMDAwMDAwMDAsInVwZGF0ZSI6MTgwMDAwMDAwMDAwMH19",
          "dependencies": [
            "module.zuul_infrastructure.openstack_networking_network_v2.zuul_network",
            "module.zuul_infrastructure.openstack_networking_secgroup_v2.zuul_secgroup"
          ]
        }
      ]
    },
    {
      "module": "module.zuul_infrastructure",
      "mode": "managed",
      "type": "openstack_networking_floatingip_v2",
      "name": "fip_1",
      "provider": "provider[\"registry.terraform.io/terraform-provider-openstack/openstack\"]",
      "instances": [
        {
          "schema_version": 0,
          "attributes": {
            "address": "31.172.116.118",
            "all_tags": [],
            "description": "",
            "dns_domain": "",
            "dns_name": "",
            "fixed_ip": "192.168.199.145",
            "id": "4917af18-fd9e-470c-bc1f-f5dbe0537b3f",
            "pool": "external",
            "port_id": "b18348fe-9b42-49c6-9108-b72fd2f71723",
            "region": "MUC5",
            "subnet_id": null,
            "subnet_ids": null,
            "tags": [],
            "tenant_id": "1fad292afc2c4d2a91452cc039998e62",
            "timeouts": null,
            "value_specs": null
          },
          "sensitive_attributes": [],
          "private": "eyJlMmJmYjczMC1lY2FhLTExZTYtOGY4OC0zNDM2M2JjN2M0YzAiOnsiY3JlYXRlIjo2MDAwMDAwMDAwMDAsImRlbGV0ZSI6NjAwMDAwMDAwMDAwfX0="
        }
      ]
    },
    {
      "module": "module.zuul_infrastructure",
      "mode": "managed",
      "type": "openstack_networking_network_v2",
      "name": "zuul_network",
      "provider": "provider[\"registry.terraform.io/terraform-provider-openstack/openstack\"]",
      "instances": [
        {
          "schema_version": 0,
          "attributes": {
            "admin_state_up": true,
            "all_tags": [],
            "availability_zone_hints": [],
            "description": "",
            "dns_domain": "",
            "external": false,
            "id": "d0066fed-85bc-4bba-9eb6-c79aab69b953",
            "mtu": 8950,
            "name": "zuul_network",
            "port_security_enabled": true,
            "qos_policy_id": "",
            "region": "MUC5",
            "segments": [],
            "shared": false,
            "tags": [],
            "tenant_id": "1fad292afc2c4d2a91452cc039998e62",
            "timeouts": null,
            "transparent_vlan": false,
            "value_specs": null
          },
          "sensitive_attributes": [],
          "private": "eyJlMmJmYjczMC1lY2FhLTExZTYtOGY4OC0zNDM2M2JjN2M0YzAiOnsiY3JlYXRlIjo2MDAwMDAwMDAwMDAsImRlbGV0ZSI6NjAwMDAwMDAwMDAwfX0="
        }
      ]
    },
    {
      "module": "module.zuul_infrastructure",
      "mode": "managed",
      "type": "openstack_networking_router_interface_v2",
      "name": "int_1",
      "provider": "provider[\"registry.terraform.io/terraform-provider-openstack/openstack\"]",
      "instances": [
        {
          "schema_version": 0,
          "attributes": {
            "id": "028b50b4-6a66-4d85-be3e-20547cdd3797",
            "port_id": "028b50b4-6a66-4d85-be3e-20547cdd3797",
            "region": "MUC5",
            "router_id": "f3767ea8-9b83-4993-96e0-39affad7acf4",
            "subnet_id": "80f7adf3-c1f2-49f6-9cc1-9b872fca2191",
            "timeouts": null
          },
          "sensitive_attributes": [],
          "private": "eyJlMmJmYjczMC1lY2FhLTExZTYtOGY4OC0zNDM2M2JjN2M0YzAiOnsiY3JlYXRlIjo2MDAwMDAwMDAwMDAsImRlbGV0ZSI6NjAwMDAwMDAwMDAwfX0=",
          "dependencies": [
            "module.zuul_infrastructure.openstack_networking_network_v2.zuul_network",
            "module.zuul_infrastructure.openstack_networking_subnet_v2.zuul_subnet"
          ]
        }
      ]
    },
    {
      "module": "module.zuul_infrastructure",
      "mode": "managed",
      "type": "openstack_networking_secgroup_rule_v2",
      "name": "secgroup_rule_gerrit_http",
      "provider": "provider[\"registry.terraform.io/terraform-provider-openstack/openstack\"]",
      "instances": [
        {
          "schema_version": 0,
          "attributes": {
            "description": "",
            "direction": "ingress",
            "ethertype": "IPv4",
            "id": "109a0f53-9dd4-4761-b85f-50c634c71d09",
            "port_range_max": 8080,
            "port_range_min": 8080,
            "protocol": "tcp",
            "region": "MUC5",
            "remote_group_id": "",
            "remote_ip_prefix": "0.0.0.0/0",
            "security_group_id": "47e18b9e-c0da-41a5-9f34-4c4c9742cfaa",
            "tenant_id": "1fad292afc2c4d2a91452cc039998e62",
            "timeouts": null
          },
          "sensitive_attributes": [],
          "private": "eyJlMmJmYjczMC1lY2FhLTExZTYtOGY4OC0zNDM2M2JjN2M0YzAiOnsiZGVsZXRlIjo2MDAwMDAwMDAwMDB9fQ==",
          "dependencies": [
            "module.zuul_infrastructure.openstack_networking_secgroup_v2.zuul_secgroup"
          ]
        }
      ]
    },
    {
      "module": "module.zuul_infrastructure",
      "mode": "managed",
      "type": "openstack_networking_secgroup_rule_v2",
      "name": "secgroup_rule_ssh",
      "provider": "provider[\"registry.terraform.io/terraform-provider-openstack/openstack\"]",
      "instances": [
        {
          "schema_version": 0,
          "attributes": {
            "description": "",
            "direction": "ingress",
            "ethertype": "IPv4",
            "id": "f781b6e2-3b6a-45e1-8b89-4e0143f9bd29",
            "port_range_max": 22,
            "port_range_min": 22,
            "protocol": "tcp",
            "region": "MUC5",
            "remote_group_id": "",
            "remote_ip_prefix": "0.0.0.0/0",
            "security_group_id": "47e18b9e-c0da-41a5-9f34-4c4c9742cfaa",
            "tenant_id": "1fad292afc2c4d2a91452cc039998e62",
            "timeouts": null
          },
          "sensitive_attributes": [],
          "private": "eyJlMmJmYjczMC1lY2FhLTExZTYtOGY4OC0zNDM2M2JjN2M0YzAiOnsiZGVsZXRlIjo2MDAwMDAwMDAwMDB9fQ==",
          "dependencies": [
            "module.zuul_infrastructure.openstack_networking_secgroup_v2.zuul_secgroup"
          ]
        }
      ]
    },
    {
      "module": "module.zuul_infrastructure",
      "mode": "managed",
      "type": "openstack_networking_secgroup_rule_v2",
      "name": "secgroup_rule_zuul_http",
      "provider": "provider[\"registry.terraform.io/terraform-provider-openstack/openstack\"]",
      "instances": [
        {
          "schema_version": 0,
          "attributes": {
            "description": "",
            "direction": "ingress",
            "ethertype": "IPv4",
            "id": "c66d806d-4448-483d-87b9-48db0cb4ed32",
            "port_range_max": 9000,
            "port_range_min": 9000,
            "protocol": "tcp",
            "region": "MUC5",
            "remote_group_id": "",
            "remote_ip_prefix": "0.0.0.0/0",
            "security_group_id": "47e18b9e-c0da-41a5-9f34-4c4c9742cfaa",
            "tenant_id": "1fad292afc2c4d2a91452cc039998e62",
            "timeouts": null
          },
          "sensitive_attributes": [],
          "private": "eyJlMmJmYjczMC1lY2FhLTExZTYtOGY4OC0zNDM2M2JjN2M0YzAiOnsiZGVsZXRlIjo2MDAwMDAwMDAwMDB9fQ==",
          "dependencies": [
            "module.zuul_infrastructure.openstack_networking_secgroup_v2.zuul_secgroup"
          ]
        }
      ]
    },
    {
      "module": "module.zuul_infrastructure",
      "mode": "managed",
      "type": "openstack_networking_secgroup_v2",
      "name": "zuul_secgroup",
      "provider": "provider[\"registry.terraform.io/terraform-provider-openstack/openstack\"]",
      "instances": [
        {
          "schema_version": 0,
          "attributes": {
            "all_tags": [],
            "delete_default_rules": null,
            "description": "zuul security group",
            "id": "47e18b9e-c0da-41a5-9f34-4c4c9742cfaa",
            "name": "zuul_secgroup",
            "region": "MUC5",
            "tags": [],
            "tenant_id": "1fad292afc2c4d2a91452cc039998e62",
            "timeouts": null
          },
          "sensitive_attributes": [],
          "private": "eyJlMmJmYjczMC1lY2FhLTExZTYtOGY4OC0zNDM2M2JjN2M0YzAiOnsiZGVsZXRlIjo2MDAwMDAwMDAwMDB9fQ=="
        }
      ]
    },
    {
      "module": "module.zuul_infrastructure",
      "mode": "managed",
      "type": "openstack_networking_subnet_v2",
      "name": "zuul_subnet",
      "provider": "provider[\"registry.terraform.io/terraform-provider-openstack/openstack\"]",
      "instances": [
        {
          "schema_version": 0,
          "attributes": {
            "all_tags": [],
            "allocation_pool": [
              {
                "end": "192.168.199.254",
                "start": "192.168.199.2"
              }
            ],
            "allocation_pools": [
              {
                "end": "192.168.199.254",
                "start": "192.168.199.2"
              }
            ],
            "cidr": "192.168.199.0/24",
            "description": "",
            "dns_nameservers": [],
            "enable_dhcp": true,
            "gateway_ip": "192.168.199.1",
            "host_routes": [],
            "id": "80f7adf3-c1f2-49f6-9cc1-9b872fca2191",
            "ip_version": 4,
            "ipv6_address_mode": "",
            "ipv6_ra_mode": "",
            "name": "zuul_subnet",
            "network_id": "d0066fed-85bc-4bba-9eb6-c79aab69b953",
            "no_gateway": false,
            "prefix_length": null,
            "region": "MUC5",
            "service_types": [],
            "subnetpool_id": "",
            "tags": [],
            "tenant_id": "1fad292afc2c4d2a91452cc039998e62",
            "timeouts": null,
            "value_specs": null
          },
          "sensitive_attributes": [],
          "private": "eyJlMmJmYjczMC1lY2FhLTExZTYtOGY4OC0zNDM2M2JjN2M0YzAiOnsiY3JlYXRlIjo2MDAwMDAwMDAwMDAsImRlbGV0ZSI6NjAwMDAwMDAwMDAwfX0=",
          "dependencies": [
            "module.zuul_infrastructure.openstack_networking_network_v2.zuul_network"
          ]
        }
      ]
    }
  ],
  "check_results": null
}
