{
  "version": 4,
  "terraform_version": "1.3.7",
  "serial": 49,
  "lineage": "cc1de71d-f0c7-594b-efee-0f1156d05843",
  "outputs": {
    "floating_ip": {
      "value": "31.172.116.205",
      "type": "string"
    }
  },
  "resources": [
    {
      "module": "module.zuul_infrastructure",
      "mode": "managed",
      "type": "openstack_compute_floatingip_associate_v2",
      "name": "fip_1",
      "provider": "provider[\"registry.terraform.io/terraform-provider-openstack/openstack\"]",
      "instances": [
        {
          "schema_version": 0,
          "attributes": {
            "fixed_ip": "",
            "floating_ip": "31.172.116.205",
            "id": "31.172.116.205/c73e3d85-223b-4881-a877-3ad7c4c7b45b/",
            "instance_id": "c73e3d85-223b-4881-a877-3ad7c4c7b45b",
            "region": "MUC5",
            "timeouts": null,
            "wait_until_associated": null
          },
          "sensitive_attributes": [],
          "private": "eyJlMmJmYjczMC1lY2FhLTExZTYtOGY4OC0zNDM2M2JjN2M0YzAiOnsiY3JlYXRlIjo2MDAwMDAwMDAwMDB9fQ==",
          "dependencies": [
            "module.zuul_infrastructure.openstack_compute_instance_v2.zuul",
            "module.zuul_infrastructure.openstack_networking_floatingip_v2.fip_1",
            "module.zuul_infrastructure.openstack_networking_network_v2.zuul_network",
            "module.zuul_infrastructure.openstack_networking_secgroup_v2.zuul_secgroup"
          ]
        }
      ]
    },
    {
      "module": "module.zuul_infrastructure",
      "mode": "managed",
      "type": "openstack_compute_instance_v2",
      "name": "zuul",
      "provider": "provider[\"registry.terraform.io/terraform-provider-openstack/openstack\"]",
      "instances": [
        {
          "schema_version": 0,
          "attributes": {
            "access_ip_v4": "192.168.199.131",
            "access_ip_v6": "",
            "admin_pass": null,
            "all_metadata": {},
            "all_tags": [],
            "availability_zone": "muc5-a",
            "availability_zone_hints": null,
            "block_device": [],
            "config_drive": null,
            "created": "2023-01-31 10:35:08 +0000 UTC",
            "flavor_id": "b627e940-c150-4fe2-9e71-de5139a23204",
            "flavor_name": "SCS-4V:16:100s",
            "floating_ip": null,
            "force_delete": false,
            "id": "c73e3d85-223b-4881-a877-3ad7c4c7b45b",
            "image_id": "f7aff0ef-5b69-42c1-844d-56f57db1e44b",
            "image_name": "Ubuntu 22.04",
            "key_pair": "gonicus-bzapiec",
            "metadata": null,
            "name": "zuul",
            "network": [
              {
                "access_network": false,
                "fixed_ip_v4": "192.168.199.131",
                "fixed_ip_v6": "",
                "floating_ip": "",
                "mac": "fa:16:3e:47:30:13",
                "name": "zuul_network",
                "port": "",
                "uuid": "a17223f5-e57d-4630-a896-fbfbc16e63fa"
              }
            ],
            "network_mode": null,
            "personality": [],
            "power_state": "active",
            "region": "MUC5",
            "scheduler_hints": [],
            "security_groups": [
              "2a9483ee-9a02-49bc-b848-2c19865a46ee"
            ],
            "stop_before_destroy": false,
            "tags": [],
            "timeouts": null,
            "updated": "2023-01-31 10:35:44 +0000 UTC",
            "user_data": null,
            "vendor_options": [],
            "volume": []
          },
          "sensitive_attributes": [],
          "private": "eyJlMmJmYjczMC1lY2FhLTExZTYtOGY4OC0zNDM2M2JjN2M0YzAiOnsiY3JlYXRlIjoxODAwMDAwMDAwMDAwLCJkZWxldGUiOjE4MDAwMDAwMDAwMDAsInVwZGF0ZSI6MTgwMDAwMDAwMDAwMH19",
          "dependencies": [
            "module.zuul_infrastructure.openstack_networking_network_v2.zuul_network",
            "module.zuul_infrastructure.openstack_networking_secgroup_v2.zuul_secgroup"
          ]
        }
      ]
    },
    {
      "module": "module.zuul_infrastructure",
      "mode": "managed",
      "type": "openstack_networking_floatingip_v2",
      "name": "fip_1",
      "provider": "provider[\"registry.terraform.io/terraform-provider-openstack/openstack\"]",
      "instances": [
        {
          "schema_version": 0,
          "attributes": {
            "address": "31.172.116.205",
            "all_tags": [],
            "description": "",
            "dns_domain": "",
            "dns_name": "",
            "fixed_ip": "192.168.199.131",
            "id": "7f51ca58-88ab-4d4c-9505-a74efbb3d67a",
            "pool": "external",
            "port_id": "024a5712-f7ff-4822-b452-4b396a921aaf",
            "region": "MUC5",
            "subnet_id": null,
            "subnet_ids": null,
            "tags": [],
            "tenant_id": "1fad292afc2c4d2a91452cc039998e62",
            "timeouts": null,
            "value_specs": null
          },
          "sensitive_attributes": [],
          "private": "eyJlMmJmYjczMC1lY2FhLTExZTYtOGY4OC0zNDM2M2JjN2M0YzAiOnsiY3JlYXRlIjo2MDAwMDAwMDAwMDAsImRlbGV0ZSI6NjAwMDAwMDAwMDAwfX0="
        }
      ]
    },
    {
      "module": "module.zuul_infrastructure",
      "mode": "managed",
      "type": "openstack_networking_network_v2",
      "name": "zuul_network",
      "provider": "provider[\"registry.terraform.io/terraform-provider-openstack/openstack\"]",
      "instances": [
        {
          "schema_version": 0,
          "attributes": {
            "admin_state_up": true,
            "all_tags": [],
            "availability_zone_hints": [],
            "description": "",
            "dns_domain": "",
            "external": false,
            "id": "a17223f5-e57d-4630-a896-fbfbc16e63fa",
            "mtu": 8950,
            "name": "zuul_network",
            "port_security_enabled": true,
            "qos_policy_id": "",
            "region": "MUC5",
            "segments": [],
            "shared": false,
            "tags": [],
            "tenant_id": "1fad292afc2c4d2a91452cc039998e62",
            "timeouts": null,
            "transparent_vlan": false,
            "value_specs": null
          },
          "sensitive_attributes": [],
          "private": "eyJlMmJmYjczMC1lY2FhLTExZTYtOGY4OC0zNDM2M2JjN2M0YzAiOnsiY3JlYXRlIjo2MDAwMDAwMDAwMDAsImRlbGV0ZSI6NjAwMDAwMDAwMDAwfX0="
        }
      ]
    },
    {
      "module": "module.zuul_infrastructure",
      "mode": "managed",
      "type": "openstack_networking_router_interface_v2",
      "name": "int_1",
      "provider": "provider[\"registry.terraform.io/terraform-provider-openstack/openstack\"]",
      "instances": [
        {
          "schema_version": 0,
          "attributes": {
            "id": "cf2a3de7-0160-4569-89f2-4baa6779d27b",
            "port_id": "cf2a3de7-0160-4569-89f2-4baa6779d27b",
            "region": "MUC5",
            "router_id": "f3767ea8-9b83-4993-96e0-39affad7acf4",
            "subnet_id": "25b54230-4e54-46d9-b4a6-bec3717afee1",
            "timeouts": null
          },
          "sensitive_attributes": [],
          "private": "eyJlMmJmYjczMC1lY2FhLTExZTYtOGY4OC0zNDM2M2JjN2M0YzAiOnsiY3JlYXRlIjo2MDAwMDAwMDAwMDAsImRlbGV0ZSI6NjAwMDAwMDAwMDAwfX0=",
          "dependencies": [
            "module.zuul_infrastructure.openstack_networking_network_v2.zuul_network",
            "module.zuul_infrastructure.openstack_networking_subnet_v2.zuul_subnet"
          ]
        }
      ]
    },
    {
      "module": "module.zuul_infrastructure",
      "mode": "managed",
      "type": "openstack_networking_secgroup_rule_v2",
      "name": "secgroup_rule_ssh",
      "provider": "provider[\"registry.terraform.io/terraform-provider-openstack/openstack\"]",
      "instances": [
        {
          "schema_version": 0,
          "attributes": {
            "description": "",
            "direction": "ingress",
            "ethertype": "IPv4",
            "id": "c345d878-52fe-45d3-bf06-b4d75043f1c7",
            "port_range_max": 22,
            "port_range_min": 22,
            "protocol": "tcp",
            "region": "MUC5",
            "remote_group_id": "",
            "remote_ip_prefix": "0.0.0.0/0",
            "security_group_id": "2a9483ee-9a02-49bc-b848-2c19865a46ee",
            "tenant_id": "1fad292afc2c4d2a91452cc039998e62",
            "timeouts": null
          },
          "sensitive_attributes": [],
          "private": "eyJlMmJmYjczMC1lY2FhLTExZTYtOGY4OC0zNDM2M2JjN2M0YzAiOnsiZGVsZXRlIjo2MDAwMDAwMDAwMDB9fQ==",
          "dependencies": [
            "module.zuul_infrastructure.openstack_networking_secgroup_v2.zuul_secgroup"
          ]
        }
      ]
    },
    {
      "module": "module.zuul_infrastructure",
      "mode": "managed",
      "type": "openstack_networking_secgroup_v2",
      "name": "zuul_secgroup",
      "provider": "provider[\"registry.terraform.io/terraform-provider-openstack/openstack\"]",
      "instances": [
        {
          "schema_version": 0,
          "attributes": {
            "all_tags": [],
            "delete_default_rules": null,
            "description": "My neutron security group",
            "id": "2a9483ee-9a02-49bc-b848-2c19865a46ee",
            "name": "zuul_secgroup",
            "region": "MUC5",
            "tags": [],
            "tenant_id": "1fad292afc2c4d2a91452cc039998e62",
            "timeouts": null
          },
          "sensitive_attributes": [],
          "private": "eyJlMmJmYjczMC1lY2FhLTExZTYtOGY4OC0zNDM2M2JjN2M0YzAiOnsiZGVsZXRlIjo2MDAwMDAwMDAwMDB9fQ=="
        }
      ]
    },
    {
      "module": "module.zuul_infrastructure",
      "mode": "managed",
      "type": "openstack_networking_subnet_v2",
      "name": "zuul_subnet",
      "provider": "provider[\"registry.terraform.io/terraform-provider-openstack/openstack\"]",
      "instances": [
        {
          "schema_version": 0,
          "attributes": {
            "all_tags": [],
            "allocation_pool": [
              {
                "end": "192.168.199.254",
                "start": "192.168.199.2"
              }
            ],
            "allocation_pools": [
              {
                "end": "192.168.199.254",
                "start": "192.168.199.2"
              }
            ],
            "cidr": "192.168.199.0/24",
            "description": "",
            "dns_nameservers": [],
            "enable_dhcp": true,
            "gateway_ip": "192.168.199.1",
            "host_routes": [],
            "id": "25b54230-4e54-46d9-b4a6-bec3717afee1",
            "ip_version": 4,
            "ipv6_address_mode": "",
            "ipv6_ra_mode": "",
            "name": "zuul_subnet",
            "network_id": "a17223f5-e57d-4630-a896-fbfbc16e63fa",
            "no_gateway": false,
            "prefix_length": null,
            "region": "MUC5",
            "service_types": [],
            "subnetpool_id": "",
            "tags": [],
            "tenant_id": "1fad292afc2c4d2a91452cc039998e62",
            "timeouts": null,
            "value_specs": null
          },
          "sensitive_attributes": [],
          "private": "eyJlMmJmYjczMC1lY2FhLTExZTYtOGY4OC0zNDM2M2JjN2M0YzAiOnsiY3JlYXRlIjo2MDAwMDAwMDAwMDAsImRlbGV0ZSI6NjAwMDAwMDAwMDAwfX0=",
          "dependencies": [
            "module.zuul_infrastructure.openstack_networking_network_v2.zuul_network"
          ]
        }
      ]
    }
  ],
  "check_results": null
}
