{
  "version": 4,
  "terraform_version": "1.5.7",
  "serial": 30,
  "lineage": "b2657c5f-8577-a04e-5581-06971bd4f7ad",
  "outputs": {
    "floating_ip": {
      "value": "213.131.230.42",
      "type": "string"
    }
  },
  "resources": [
    {
      "mode": "managed",
      "type": "openstack_compute_keypair_v2",
      "name": "inital_ssh_keypair",
      "provider": "provider[\"registry.terraform.io/terraform-provider-openstack/openstack\"]",
      "instances": [
        {
          "schema_version": 0,
          "attributes": {
            "fingerprint": "82:a0:9a:ea:7c:6f:19:8e:eb:2f:69:47:d2:0a:c9:ed",
            "id": "zuul-initial",
            "name": "zuul-initial",
            "private_key": "",
            "public_key": "ssh-rsa AAAAB3NzaC1yc2EAAAADAQABAAACAQC5TgWQ5ZKRkNd/We/laApQgresUqbJTABtQd2q0i/sMMHJJOSBzSW8EbC+4jTbbL4ui0GFfXfYwLHve0ZzMBL4cso5cKKv00GFRwHxyYE/ACiYzZDJLEo9uygvfELRUZF8/qRklJO4sIag2diR36vg6IYGsd+o/Z2a1WQS3SUCGzjHupG1bN+bLY7749q/s7WU22M5rnX61Qvu/0jDFxmpuxGb47fOWIUoGTAXA+OkUN3WZ0p1MXNJSHS9YY5XKZSeOQGcmj0htu9BVKa1UkBDEuxyh3PbY7qVf2NPDO0Y/a1TpTI6DKvYd3Km6HwXVy5GY84CauXr8X3GCye6wSL515eXs9xsaDHjVid+5AyCUr70jyYKOL6WIi058L2w+0pvZ3Ujn47TNnzhFuq65+Lx1J8ICjG4lMIWHvYcpBa7ec+4BbLsqAIi763an/v4rRum5FigMhd3di+ecvVliiIOj3p8zH5pmv+l6YzzN2ryypr3RoflVhRqjAi5SxeC2iBvpxlC1FDTKhLCprig7ZKr+mp17CFL+odhVG+3mSPISSeUDUVprqAb3Pem81mK4bkW6uQzgZOju8tHTfhh/N0SXHJLe3gol3fc4r2O4AWlZVsN12A3hHE0UXD8D+FrrCxtb/ssicc0AJn6/kVTWCSdRdvG2MaNzLMi34uBoKtp5Q== @o-otte",
            "region": "RegionOne",
            "user_id": "",
            "value_specs": null
          },
          "sensitive_attributes": [],
          "private": "bnVsbA=="
        }
      ]
    },
    {
      "module": "module.zuul_infrastructure",
      "mode": "managed",
      "type": "openstack_blockstorage_volume_v3",
      "name": "zuul",
      "provider": "provider[\"registry.terraform.io/terraform-provider-openstack/openstack\"]",
      "instances": [
        {
          "schema_version": 0,
          "attributes": {
            "attachment": [],
            "availability_zone": "nova",
            "consistency_group_id": null,
            "description": "",
            "enable_online_resize": null,
            "id": "e45903c4-5fae-43fb-a51e-8f31015de1e3",
            "image_id": null,
            "metadata": {},
            "multiattach": null,
            "name": "zuul-head",
            "region": "RegionOne",
            "scheduler_hints": [],
            "size": 100,
            "snapshot_id": "",
            "source_replica": null,
            "source_vol_id": "",
            "timeouts": null,
            "volume_type": "__DEFAULT__"
          },
          "sensitive_attributes": [],
          "private": "eyJlMmJmYjczMC1lY2FhLTExZTYtOGY4OC0zNDM2M2JjN2M0YzAiOnsiY3JlYXRlIjo2MDAwMDAwMDAwMDAsImRlbGV0ZSI6NjAwMDAwMDAwMDAwfX0="
        }
      ]
    },
    {
      "module": "module.zuul_infrastructure",
      "mode": "managed",
      "type": "openstack_compute_floatingip_associate_v2",
      "name": "fip_1",
      "provider": "provider[\"registry.terraform.io/terraform-provider-openstack/openstack\"]",
      "instances": []
    },
    {
      "module": "module.zuul_infrastructure",
      "mode": "managed",
      "type": "openstack_compute_volume_attach_v2",
      "name": "zuul",
      "provider": "provider[\"registry.terraform.io/terraform-provider-openstack/openstack\"]",
      "instances": []
    },
    {
      "module": "module.zuul_infrastructure",
      "mode": "managed",
      "type": "openstack_networking_floatingip_v2",
      "name": "fip_1",
      "provider": "provider[\"registry.terraform.io/terraform-provider-openstack/openstack\"]",
      "instances": [
        {
          "schema_version": 0,
          "attributes": {
            "address": "213.131.230.42",
            "all_tags": [],
            "description": "",
            "dns_domain": "",
            "dns_name": "",
            "fixed_ip": "",
            "id": "05dd47f7-863c-4d02-a376-d3cd71ebae27",
            "pool": "ext01",
            "port_id": "",
            "region": "RegionOne",
            "subnet_id": null,
            "subnet_ids": null,
            "tags": [],
            "tenant_id": "a07c811315ad40f585945b2939ef12dd",
            "timeouts": null,
            "value_specs": null
          },
          "sensitive_attributes": [],
          "private": "eyJlMmJmYjczMC1lY2FhLTExZTYtOGY4OC0zNDM2M2JjN2M0YzAiOnsiY3JlYXRlIjo2MDAwMDAwMDAwMDAsImRlbGV0ZSI6NjAwMDAwMDAwMDAwfX0="
        }
      ]
    },
    {
      "module": "module.zuul_infrastructure",
      "mode": "managed",
      "type": "openstack_networking_network_v2",
      "name": "zuul_network",
      "provider": "provider[\"registry.terraform.io/terraform-provider-openstack/openstack\"]",
      "instances": [
        {
          "schema_version": 0,
          "attributes": {
            "admin_state_up": true,
            "all_tags": [],
            "availability_zone_hints": [
              "nova"
            ],
            "description": "",
            "dns_domain": "",
            "external": false,
            "id": "c2fececb-34d6-4fb1-a441-3f062aeaeaec",
            "mtu": 8942,
            "name": "zuul_network",
            "port_security_enabled": true,
            "qos_policy_id": "",
            "region": "RegionOne",
            "segments": [],
            "shared": false,
            "tags": [],
            "tenant_id": "a07c811315ad40f585945b2939ef12dd",
            "timeouts": null,
            "transparent_vlan": false,
            "value_specs": null
          },
          "sensitive_attributes": [],
          "private": "eyJlMmJmYjczMC1lY2FhLTExZTYtOGY4OC0zNDM2M2JjN2M0YzAiOnsiY3JlYXRlIjo2MDAwMDAwMDAwMDAsImRlbGV0ZSI6NjAwMDAwMDAwMDAwfX0="
        }
      ]
    },
    {
      "module": "module.zuul_infrastructure",
      "mode": "managed",
      "type": "openstack_networking_router_interface_v2",
      "name": "int_1",
      "provider": "provider[\"registry.terraform.io/terraform-provider-openstack/openstack\"]",
      "instances": [
        {
          "schema_version": 0,
          "attributes": {
            "force_destroy": false,
            "id": "3d5a644f-0509-4a0e-8e2f-c791a4defb26",
            "port_id": "3d5a644f-0509-4a0e-8e2f-c791a4defb26",
            "region": "RegionOne",
            "router_id": "96d4e5a0-4424-4dd5-8dac-ad8231b634f1",
            "subnet_id": "438f3340-55ad-4141-98a8-a3b43e9d8706",
            "timeouts": null
          },
          "sensitive_attributes": [],
          "private": "eyJlMmJmYjczMC1lY2FhLTExZTYtOGY4OC0zNDM2M2JjN2M0YzAiOnsiY3JlYXRlIjo2MDAwMDAwMDAwMDAsImRlbGV0ZSI6NjAwMDAwMDAwMDAwfX0=",
          "dependencies": [
            "module.zuul_infrastructure.openstack_networking_network_v2.zuul_network",
            "module.zuul_infrastructure.openstack_networking_subnet_v2.zuul_subnet"
          ]
        }
      ]
    },
    {
      "module": "module.zuul_infrastructure",
      "mode": "managed",
      "type": "openstack_networking_secgroup_rule_v2",
      "name": "secgroup_rule_gerrit_http",
      "provider": "provider[\"registry.terraform.io/terraform-provider-openstack/openstack\"]",
      "instances": [
        {
          "schema_version": 0,
          "attributes": {
            "description": "",
            "direction": "ingress",
            "ethertype": "IPv4",
            "id": "9845cef2-082e-4f12-b0d8-629273993a10",
            "port_range_max": 8080,
            "port_range_min": 8080,
            "protocol": "tcp",
            "region": "RegionOne",
            "remote_group_id": "",
            "remote_ip_prefix": "0.0.0.0/0",
            "security_group_id": "a3dc479b-94b2-409c-9970-2ca4a00fb77b",
            "tenant_id": "a07c811315ad40f585945b2939ef12dd",
            "timeouts": null
          },
          "sensitive_attributes": [],
          "private": "eyJlMmJmYjczMC1lY2FhLTExZTYtOGY4OC0zNDM2M2JjN2M0YzAiOnsiZGVsZXRlIjo2MDAwMDAwMDAwMDB9fQ==",
          "dependencies": [
            "module.zuul_infrastructure.openstack_networking_secgroup_v2.zuul_secgroup"
          ]
        }
      ]
    },
    {
      "module": "module.zuul_infrastructure",
      "mode": "managed",
      "type": "openstack_networking_secgroup_rule_v2",
      "name": "secgroup_rule_ssh",
      "provider": "provider[\"registry.terraform.io/terraform-provider-openstack/openstack\"]",
      "instances": [
        {
          "schema_version": 0,
          "attributes": {
            "description": "",
            "direction": "ingress",
            "ethertype": "IPv4",
            "id": "983b3860-3e1d-4b09-aabd-9aa450de9eae",
            "port_range_max": 22,
            "port_range_min": 22,
            "protocol": "tcp",
            "region": "RegionOne",
            "remote_group_id": "",
            "remote_ip_prefix": "0.0.0.0/0",
            "security_group_id": "a3dc479b-94b2-409c-9970-2ca4a00fb77b",
            "tenant_id": "a07c811315ad40f585945b2939ef12dd",
            "timeouts": null
          },
          "sensitive_attributes": [],
          "private": "eyJlMmJmYjczMC1lY2FhLTExZTYtOGY4OC0zNDM2M2JjN2M0YzAiOnsiZGVsZXRlIjo2MDAwMDAwMDAwMDB9fQ==",
          "dependencies": [
            "module.zuul_infrastructure.openstack_networking_secgroup_v2.zuul_secgroup"
          ]
        }
      ]
    },
    {
      "module": "module.zuul_infrastructure",
      "mode": "managed",
      "type": "openstack_networking_secgroup_rule_v2",
      "name": "secgroup_rule_zuul_http",
      "provider": "provider[\"registry.terraform.io/terraform-provider-openstack/openstack\"]",
      "instances": [
        {
          "schema_version": 0,
          "attributes": {
            "description": "",
            "direction": "ingress",
            "ethertype": "IPv4",
            "id": "55b8536a-cea2-4c78-8d59-9731c7444350",
            "port_range_max": 9000,
            "port_range_min": 9000,
            "protocol": "tcp",
            "region": "RegionOne",
            "remote_group_id": "",
            "remote_ip_prefix": "0.0.0.0/0",
            "security_group_id": "a3dc479b-94b2-409c-9970-2ca4a00fb77b",
            "tenant_id": "a07c811315ad40f585945b2939ef12dd",
            "timeouts": null
          },
          "sensitive_attributes": [],
          "private": "eyJlMmJmYjczMC1lY2FhLTExZTYtOGY4OC0zNDM2M2JjN2M0YzAiOnsiZGVsZXRlIjo2MDAwMDAwMDAwMDB9fQ==",
          "dependencies": [
            "module.zuul_infrastructure.openstack_networking_secgroup_v2.zuul_secgroup"
          ]
        }
      ]
    },
    {
      "module": "module.zuul_infrastructure",
      "mode": "managed",
      "type": "openstack_networking_secgroup_v2",
      "name": "zuul_secgroup",
      "provider": "provider[\"registry.terraform.io/terraform-provider-openstack/openstack\"]",
      "instances": [
        {
          "schema_version": 0,
          "attributes": {
            "all_tags": [],
            "delete_default_rules": null,
            "description": "zuul security group",
            "id": "a3dc479b-94b2-409c-9970-2ca4a00fb77b",
            "name": "zuul_secgroup",
            "region": "RegionOne",
            "tags": [],
            "tenant_id": "a07c811315ad40f585945b2939ef12dd",
            "timeouts": null
          },
          "sensitive_attributes": [],
          "private": "eyJlMmJmYjczMC1lY2FhLTExZTYtOGY4OC0zNDM2M2JjN2M0YzAiOnsiZGVsZXRlIjo2MDAwMDAwMDAwMDB9fQ=="
        }
      ]
    },
    {
      "module": "module.zuul_infrastructure",
      "mode": "managed",
      "type": "openstack_networking_subnet_v2",
      "name": "zuul_subnet",
      "provider": "provider[\"registry.terraform.io/terraform-provider-openstack/openstack\"]",
      "instances": [
        {
          "schema_version": 0,
          "attributes": {
            "all_tags": [],
            "allocation_pool": [
              {
                "end": "192.168.199.254",
                "start": "192.168.199.2"
              }
            ],
            "allocation_pools": [
              {
                "end": "192.168.199.254",
                "start": "192.168.199.2"
              }
            ],
            "cidr": "192.168.199.0/24",
            "description": "",
            "dns_nameservers": [],
            "enable_dhcp": true,
            "gateway_ip": "192.168.199.1",
            "host_routes": [],
            "id": "438f3340-55ad-4141-98a8-a3b43e9d8706",
            "ip_version": 4,
            "ipv6_address_mode": "",
            "ipv6_ra_mode": "",
            "name": "zuul_subnet",
            "network_id": "c2fececb-34d6-4fb1-a441-3f062aeaeaec",
            "no_gateway": false,
            "prefix_length": null,
            "region": "RegionOne",
            "service_types": [],
            "subnetpool_id": "",
            "tags": [],
            "tenant_id": "a07c811315ad40f585945b2939ef12dd",
            "timeouts": null,
            "value_specs": null
          },
          "sensitive_attributes": [],
          "private": "eyJlMmJmYjczMC1lY2FhLTExZTYtOGY4OC0zNDM2M2JjN2M0YzAiOnsiY3JlYXRlIjo2MDAwMDAwMDAwMDAsImRlbGV0ZSI6NjAwMDAwMDAwMDAwfX0=",
          "dependencies": [
            "module.zuul_infrastructure.openstack_networking_network_v2.zuul_network"
          ]
        }
      ]
    }
  ],
  "check_results": null
}
